
Microsoft Visual Studio Solution File, Format Version 12.00
# Visual Studio Version 17
VisualStudioVersion = 17.9.34723.18
MinimumVisualStudioVersion = 10.0.40219.1
Project("{FAE04EC0-301F-11D3-BF4B-00C04F79EFBC}") = "Test_Storage_Margo", "Test_Storage_Margo\Test_Storage_Margo.csproj", "{31C1FDAB-4FFB-49AB-9D61-B1970D521031}"
EndProject
Global
	GlobalSection(SolutionConfigurationPlatforms) = preSolution
		Debug|Any CPU = Debug|Any CPU
		Release|Any CPU = Release|Any CPU
	EndGlobalSection
	GlobalSection(ProjectConfigurationPlatforms) = postSolution
		{31C1FDAB-4FFB-49AB-9D61-B1970D521031}.Debug|Any CPU.ActiveCfg = Debug|Any CPU
		{31C1FDAB-4FFB-49AB-9D61-B1970D521031}.Debug|Any CPU.Build.0 = Debug|Any CPU
		{31C1FDAB-4FFB-49AB-9D61-B1970D521031}.Release|Any CPU.ActiveCfg = Release|Any CPU
		{31C1FDAB-4FFB-49AB-9D61-B1970D521031}.Release|Any CPU.Build.0 = Release|Any CPU
	EndGlobalSection
	GlobalSection(SolutionProperties) = preSolution
		HideSolutionNode = FALSE
	EndGlobalSection
	GlobalSection(ExtensibilityGlobals) = postSolution
		SolutionGuid = {E4AD364D-4F16-41BD-A7E9-96C1879E8AA9}
	EndGlobalSection
EndGlobal
